{
  "nodes": {
    "flake-utils": {
      "locked": {
        "lastModified": 1659877975,
        "narHash": "sha256-zllb8aq3YO3h8B/U0/J1WBgAL8EX5yWf5pMj3G0NAmc=",
        "owner": "numtide",
        "repo": "flake-utils",
        "rev": "c0e246b9b83f637f4681389ecabcb2681b4f3af0",
        "type": "github"
      },
      "original": {
        "id": "flake-utils",
        "type": "indirect"
      }
    },
    "fstar-src": {
      "flake": false,
      "locked": {
        "lastModified": 1665003209,
        "narHash": "sha256-lGnzOz4fzxWFWFDBlhbeIoUp80RIfoH5j2ZT0XhQWIU=",
        "owner": "fstarlang",
        "repo": "fstar",
        "rev": "35748428fd7edff532c7f8270678e93d3ececfcb",
        "type": "github"
      },
      "original": {
        "owner": "fstarlang",
        "repo": "fstar",
        "type": "github"
      }
    },
    "hacl-src": {
      "flake": false,
      "locked": {
        "lastModified": 1665013643,
        "narHash": "sha256-4Pa1t0Jz6veDNGhXXvjQHYFx3wMJMQ+1qdRJ7sSwOn0=",
        "owner": "hacl-star",
        "repo": "hacl-star",
        "rev": "0b189924a48fac87d4755e2d82a32b40ba3d5988",
        "type": "github"
      },
      "original": {
        "owner": "hacl-star",
        "repo": "hacl-star",
        "type": "github"
      }
    },
    "karamel-src": {
      "flake": false,
      "locked": {
        "lastModified": 1664369212,
        "narHash": "sha256-t33kiA1s8ABs9ycVtaQ7y2txqyKgwln1JLJK/dPRVSU=",
        "owner": "fstarlang",
        "repo": "karamel",
        "rev": "d08eab257ec694bb00b6b762c57f875ea8cb407f",
        "type": "github"
      },
      "original": {
        "owner": "fstarlang",
        "repo": "karamel",
        "type": "github"
      }
    },
    "nixpkgs": {
      "locked": {
        "lastModified": 1663494472,
        "narHash": "sha256-fSowlaoXXWcAM8m9wA6u+eTJJtvruYHMA+Lb/tFi/qM=",
        "owner": "NixOS",
        "repo": "nixpkgs",
        "rev": "f677051b8dc0b5e2a9348941c99eea8c4b0ff28f",
        "type": "github"
      },
      "original": {
        "id": "nixpkgs",
        "ref": "nixos-unstable",
        "type": "indirect"
      }
    },
    "root": {
      "inputs": {
        "flake-utils": "flake-utils",
        "fstar-src": "fstar-src",
        "hacl-src": "hacl-src",
        "karamel-src": "karamel-src",
        "nixpkgs": "nixpkgs"
      }
    }
  },
  "root": "root",
  "version": 7
}
