{
  "nodes": {
    "flake-utils": {
      "locked": {
        "lastModified": 1667395993,
        "narHash": "sha256-nuEHfE/LcWyuSWnS8t12N1wc105Qtau+/OdUAjtQ0rA=",
        "owner": "numtide",
        "repo": "flake-utils",
        "rev": "5aed5285a952e0b949eb3ba02c12fa4fcfef535f",
        "type": "github"
      },
      "original": {
        "id": "flake-utils",
        "type": "indirect"
      }
    },
    "fstar": {
      "inputs": {
        "flake-utils": "flake-utils",
        "nixpkgs": "nixpkgs"
      },
      "locked": {
        "lastModified": 1682089990,
        "narHash": "sha256-4FpIzWnXwjHPA9GMjt16ILEE3q82CVMyYmBp0DnH7p4=",
        "owner": "fstarlang",
        "repo": "fstar",
        "rev": "5a15885098c69006bb56ff2712534fe75a5fd839",
        "type": "github"
      },
      "original": {
        "owner": "fstarlang",
        "repo": "fstar",
        "type": "github"
      }
    },
    "hacl": {
      "inputs": {
        "flake-utils": [
          "flake-utils"
        ],
        "fstar": [
          "fstar"
        ],
        "karamel": [
          "karamel"
        ],
        "nixpkgs": [
          "nixpkgs"
        ]
      },
      "locked": {
        "lastModified": 1681852417,
        "narHash": "sha256-SBvNhy/kwz6R2DQKIjkmZvy2e9Wa1F6mCUzBhz1NEt0=",
        "owner": "hacl-star",
        "repo": "hacl-star",
        "rev": "f283af14715cc66ec7481a3ae0ed019cbff4c790",
        "type": "github"
      },
      "original": {
        "owner": "hacl-star",
        "repo": "hacl-star",
        "type": "github"
      }
    },
    "karamel": {
      "inputs": {
        "flake-utils": [
          "flake-utils"
        ],
        "fstar": [
          "fstar"
        ],
        "nixpkgs": [
          "nixpkgs"
        ]
      },
      "locked": {
        "lastModified": 1682027605,
        "narHash": "sha256-9oheG81KDJ2uJ7yhGM2dJpUQPe7y3gy8bRTwbDZUlYA=",
        "owner": "fstarlang",
        "repo": "karamel",
        "rev": "095539d2f83ded96ba130a0b74197f8ee318cd46",
        "type": "github"
      },
      "original": {
        "owner": "fstarlang",
        "repo": "karamel",
        "type": "github"
      }
    },
    "nixpkgs": {
      "locked": {
        "lastModified": 1669140675,
        "narHash": "sha256-npzfyfLECsJWgzK/M4gWhykP2DNAJTYjgY2BWkz/oEQ=",
        "owner": "NixOS",
        "repo": "nixpkgs",
        "rev": "2788904d26dda6cfa1921c5abb7a2466ffe3cb8c",
        "type": "github"
      },
      "original": {
        "id": "nixpkgs",
        "ref": "nixos-unstable",
        "type": "indirect"
      }
    },
    "root": {
      "inputs": {
        "flake-utils": [
          "fstar",
          "flake-utils"
        ],
        "fstar": "fstar",
        "hacl": "hacl",
        "karamel": "karamel",
        "nixpkgs": [
          "fstar",
          "nixpkgs"
        ]
      }
    }
  },
  "root": "root",
  "version": 7
}
